// !$*UTF8*$!
{
	archiveVersion = 1;
	classes = {
	};
	objectVersion = 51;
	objects = {

/* Begin PBXBuildFile section */
		22295D9025D6B69F000FBA25 /* AppDelegate.swift in Sources */ = {isa = PBXBuildFile; fileRef = 22295D8F25D6B69F000FBA25 /* AppDelegate.swift */; };
		22295D9225D6B69F000FBA25 /* SceneDelegate.swift in Sources */ = {isa = PBXBuildFile; fileRef = 22295D9125D6B69F000FBA25 /* SceneDelegate.swift */; };
		22295D9425D6B69F000FBA25 /* ContentView.swift in Sources */ = {isa = PBXBuildFile; fileRef = 22295D9325D6B69F000FBA25 /* ContentView.swift */; };
		22295D9725D6B69F000FBA25 /* MyRooms.xcdatamodeld in Sources */ = {isa = PBXBuildFile; fileRef = 22295D9525D6B69F000FBA25 /* MyRooms.xcdatamodeld */; };
		22295D9925D6B6A0000FBA25 /* Assets.xcassets in Resources */ = {isa = PBXBuildFile; fileRef = 22295D9825D6B6A0000FBA25 /* Assets.xcassets */; };
		22295D9C25D6B6A0000FBA25 /* Preview Assets.xcassets in Resources */ = {isa = PBXBuildFile; fileRef = 22295D9B25D6B6A0000FBA25 /* Preview Assets.xcassets */; };
		22295D9F25D6B6A0000FBA25 /* LaunchScreen.storyboard in Resources */ = {isa = PBXBuildFile; fileRef = 22295D9D25D6B6A0000FBA25 /* LaunchScreen.storyboard */; };
		22295DB825D6BA06000FBA25 /* APIService.swift in Sources */ = {isa = PBXBuildFile; fileRef = 22295DAB25D6BA06000FBA25 /* APIService.swift */; };
		22295DB925D6BA06000FBA25 /* DataAccessService.swift in Sources */ = {isa = PBXBuildFile; fileRef = 22295DAC25D6BA06000FBA25 /* DataAccessService.swift */; };
		22295DBA25D6BA06000FBA25 /* ServiceFactory.swift in Sources */ = {isa = PBXBuildFile; fileRef = 22295DAD25D6BA06000FBA25 /* ServiceFactory.swift */; };
		22295DBB25D6BA06000FBA25 /* DatabaseService.swift in Sources */ = {isa = PBXBuildFile; fileRef = 22295DAE25D6BA06000FBA25 /* DatabaseService.swift */; };
		22295DBC25D6BA06000FBA25 /* Bootstrapper.swift in Sources */ = {isa = PBXBuildFile; fileRef = 22295DAF25D6BA06000FBA25 /* Bootstrapper.swift */; };
		22295DBE25D6BA06000FBA25 /* DataAccessRequest.swift in Sources */ = {isa = PBXBuildFile; fileRef = 22295DB225D6BA06000FBA25 /* DataAccessRequest.swift */; };
		22295DC125D6BA06000FBA25 /* RouterProtocol.swift in Sources */ = {isa = PBXBuildFile; fileRef = 22295DB525D6BA06000FBA25 /* RouterProtocol.swift */; };
		2229821625D6DEA900B17A34 /* TabbarViewController.swift in Sources */ = {isa = PBXBuildFile; fileRef = 2229821525D6DEA900B17A34 /* TabbarViewController.swift */; };
		2229821925D6DEF000B17A34 /* MyRoomsViewController.swift in Sources */ = {isa = PBXBuildFile; fileRef = 2229821825D6DEF000B17A34 /* MyRoomsViewController.swift */; };
		2229821C25D6DEFE00B17A34 /* MyRoomsLiveViewController.swift in Sources */ = {isa = PBXBuildFile; fileRef = 2229821B25D6DEFE00B17A34 /* MyRoomsLiveViewController.swift */; };
		2229826925D6FAEE00B17A34 /* Room+CoreDataClass.swift in Sources */ = {isa = PBXBuildFile; fileRef = 2229826725D6FAEE00B17A34 /* Room+CoreDataClass.swift */; };
		2229826A25D6FAEE00B17A34 /* Room+CoreDataProperties.swift in Sources */ = {isa = PBXBuildFile; fileRef = 2229826825D6FAEE00B17A34 /* Room+CoreDataProperties.swift */; };
		2282148E25D6CDC400A509FD /* RoomDataAccessRequest.swift in Sources */ = {isa = PBXBuildFile; fileRef = 2282148D25D6CDC400A509FD /* RoomDataAccessRequest.swift */; };
		2282149225D6CE0B00A509FD /* RoomRouter.swift in Sources */ = {isa = PBXBuildFile; fileRef = 2282149125D6CE0B00A509FD /* RoomRouter.swift */; };
		2284AD4425DC0FE7005EE4AD /* DataAccessError.swift in Sources */ = {isa = PBXBuildFile; fileRef = 2284AD4325DC0FE7005EE4AD /* DataAccessError.swift */; };
		2284AD9125E04257005EE4AD /* NSManagedObjectContext+Publisher.swift in Sources */ = {isa = PBXBuildFile; fileRef = 2284AD9025E04257005EE4AD /* NSManagedObjectContext+Publisher.swift */; };
		22E73A0C25F2A35400BD2184 /* rooms.json in Resources */ = {isa = PBXBuildFile; fileRef = 22E73A0B25F2A35400BD2184 /* rooms.json */; };
		3D77ED90CBAB78ABFF5D62C1 /* Pods_MyRooms.framework in Frameworks */ = {isa = PBXBuildFile; fileRef = AC28663FDBBA4CE57BC37A5A /* Pods_MyRooms.framework */; };
		DE2B4E9525F67AC200E8541D /* MyRoomsViewModel.swift in Sources */ = {isa = PBXBuildFile; fileRef = DE2B4E9425F67AC200E8541D /* MyRoomsViewModel.swift */; };
		DE2B4E9825F67B0400E8541D /* Localization.swift in Sources */ = {isa = PBXBuildFile; fileRef = DE2B4E9725F67B0400E8541D /* Localization.swift */; };
		DEC3875625F7DB460090E5DE /* MyRoomsCellViewModel.swift in Sources */ = {isa = PBXBuildFile; fileRef = DEC3875525F7DB460090E5DE /* MyRoomsCellViewModel.swift */; };
		DEC3875B25F7DB5B0090E5DE /* MyRoomsCell.swift in Sources */ = {isa = PBXBuildFile; fileRef = DEC3875A25F7DB5B0090E5DE /* MyRoomsCell.swift */; };
		DEC3875F25F7DDE30090E5DE /* Publisher+Extensions.swift in Sources */ = {isa = PBXBuildFile; fileRef = DEC3875E25F7DDE30090E5DE /* Publisher+Extensions.swift */; };
/* End PBXBuildFile section */

/* Begin PBXFileReference section */
		22295D8C25D6B69F000FBA25 /* MyRooms.app */ = {isa = PBXFileReference; explicitFileType = wrapper.application; includeInIndex = 0; path = MyRooms.app; sourceTree = BUILT_PRODUCTS_DIR; };
		22295D8F25D6B69F000FBA25 /* AppDelegate.swift */ = {isa = PBXFileReference; lastKnownFileType = sourcecode.swift; path = AppDelegate.swift; sourceTree = "<group>"; };
		22295D9125D6B69F000FBA25 /* SceneDelegate.swift */ = {isa = PBXFileReference; lastKnownFileType = sourcecode.swift; path = SceneDelegate.swift; sourceTree = "<group>"; };
		22295D9325D6B69F000FBA25 /* ContentView.swift */ = {isa = PBXFileReference; lastKnownFileType = sourcecode.swift; path = ContentView.swift; sourceTree = "<group>"; };
		22295D9625D6B69F000FBA25 /* MyRooms.xcdatamodel */ = {isa = PBXFileReference; lastKnownFileType = wrapper.xcdatamodel; path = MyRooms.xcdatamodel; sourceTree = "<group>"; };
		22295D9825D6B6A0000FBA25 /* Assets.xcassets */ = {isa = PBXFileReference; lastKnownFileType = folder.assetcatalog; path = Assets.xcassets; sourceTree = "<group>"; };
		22295D9B25D6B6A0000FBA25 /* Preview Assets.xcassets */ = {isa = PBXFileReference; lastKnownFileType = folder.assetcatalog; path = "Preview Assets.xcassets"; sourceTree = "<group>"; };
		22295D9E25D6B6A0000FBA25 /* Base */ = {isa = PBXFileReference; lastKnownFileType = file.storyboard; name = Base; path = Base.lproj/LaunchScreen.storyboard; sourceTree = "<group>"; };
		22295DA025D6B6A0000FBA25 /* Info.plist */ = {isa = PBXFileReference; lastKnownFileType = text.plist.xml; path = Info.plist; sourceTree = "<group>"; };
		22295DAB25D6BA06000FBA25 /* APIService.swift */ = {isa = PBXFileReference; fileEncoding = 4; lastKnownFileType = sourcecode.swift; path = APIService.swift; sourceTree = "<group>"; };
		22295DAC25D6BA06000FBA25 /* DataAccessService.swift */ = {isa = PBXFileReference; fileEncoding = 4; lastKnownFileType = sourcecode.swift; path = DataAccessService.swift; sourceTree = "<group>"; };
		22295DAD25D6BA06000FBA25 /* ServiceFactory.swift */ = {isa = PBXFileReference; fileEncoding = 4; lastKnownFileType = sourcecode.swift; path = ServiceFactory.swift; sourceTree = "<group>"; };
		22295DAE25D6BA06000FBA25 /* DatabaseService.swift */ = {isa = PBXFileReference; fileEncoding = 4; lastKnownFileType = sourcecode.swift; path = DatabaseService.swift; sourceTree = "<group>"; };
		22295DAF25D6BA06000FBA25 /* Bootstrapper.swift */ = {isa = PBXFileReference; fileEncoding = 4; lastKnownFileType = sourcecode.swift; path = Bootstrapper.swift; sourceTree = "<group>"; };
		22295DB225D6BA06000FBA25 /* DataAccessRequest.swift */ = {isa = PBXFileReference; fileEncoding = 4; lastKnownFileType = sourcecode.swift; path = DataAccessRequest.swift; sourceTree = "<group>"; };
		22295DB525D6BA06000FBA25 /* RouterProtocol.swift */ = {isa = PBXFileReference; fileEncoding = 4; lastKnownFileType = sourcecode.swift; path = RouterProtocol.swift; sourceTree = "<group>"; };
		2229821525D6DEA900B17A34 /* TabbarViewController.swift */ = {isa = PBXFileReference; lastKnownFileType = sourcecode.swift; path = TabbarViewController.swift; sourceTree = "<group>"; };
		2229821825D6DEF000B17A34 /* MyRoomsViewController.swift */ = {isa = PBXFileReference; lastKnownFileType = sourcecode.swift; path = MyRoomsViewController.swift; sourceTree = "<group>"; };
		2229821B25D6DEFE00B17A34 /* MyRoomsLiveViewController.swift */ = {isa = PBXFileReference; lastKnownFileType = sourcecode.swift; path = MyRoomsLiveViewController.swift; sourceTree = "<group>"; };
		2229826725D6FAEE00B17A34 /* Room+CoreDataClass.swift */ = {isa = PBXFileReference; lastKnownFileType = sourcecode.swift; path = "Room+CoreDataClass.swift"; sourceTree = "<group>"; };
		2229826825D6FAEE00B17A34 /* Room+CoreDataProperties.swift */ = {isa = PBXFileReference; lastKnownFileType = sourcecode.swift; path = "Room+CoreDataProperties.swift"; sourceTree = "<group>"; };
		2282148D25D6CDC400A509FD /* RoomDataAccessRequest.swift */ = {isa = PBXFileReference; lastKnownFileType = sourcecode.swift; path = RoomDataAccessRequest.swift; sourceTree = "<group>"; };
		2282149125D6CE0B00A509FD /* RoomRouter.swift */ = {isa = PBXFileReference; lastKnownFileType = sourcecode.swift; path = RoomRouter.swift; sourceTree = "<group>"; };
		2284AD4325DC0FE7005EE4AD /* DataAccessError.swift */ = {isa = PBXFileReference; lastKnownFileType = sourcecode.swift; path = DataAccessError.swift; sourceTree = "<group>"; };
		2284AD9025E04257005EE4AD /* NSManagedObjectContext+Publisher.swift */ = {isa = PBXFileReference; fileEncoding = 4; lastKnownFileType = sourcecode.swift; path = "NSManagedObjectContext+Publisher.swift"; sourceTree = "<group>"; };
		22E73A0B25F2A35400BD2184 /* rooms.json */ = {isa = PBXFileReference; fileEncoding = 4; lastKnownFileType = text.json; path = rooms.json; sourceTree = "<group>"; };
		AC28663FDBBA4CE57BC37A5A /* Pods_MyRooms.framework */ = {isa = PBXFileReference; explicitFileType = wrapper.framework; includeInIndex = 0; path = Pods_MyRooms.framework; sourceTree = BUILT_PRODUCTS_DIR; };
		C3BC856F12EB193DC2B00A78 /* Pods-MyRooms.debug.xcconfig */ = {isa = PBXFileReference; includeInIndex = 1; lastKnownFileType = text.xcconfig; name = "Pods-MyRooms.debug.xcconfig"; path = "Target Support Files/Pods-MyRooms/Pods-MyRooms.debug.xcconfig"; sourceTree = "<group>"; };
		DE2B4E9425F67AC200E8541D /* MyRoomsViewModel.swift */ = {isa = PBXFileReference; lastKnownFileType = sourcecode.swift; path = MyRoomsViewModel.swift; sourceTree = "<group>"; };
		DE2B4E9725F67B0400E8541D /* Localization.swift */ = {isa = PBXFileReference; lastKnownFileType = sourcecode.swift; path = Localization.swift; sourceTree = "<group>"; };
		DEC3875525F7DB460090E5DE /* MyRoomsCellViewModel.swift */ = {isa = PBXFileReference; lastKnownFileType = sourcecode.swift; path = MyRoomsCellViewModel.swift; sourceTree = "<group>"; };
		DEC3875A25F7DB5B0090E5DE /* MyRoomsCell.swift */ = {isa = PBXFileReference; lastKnownFileType = sourcecode.swift; path = MyRoomsCell.swift; sourceTree = "<group>"; };
		DEC3875E25F7DDE30090E5DE /* Publisher+Extensions.swift */ = {isa = PBXFileReference; lastKnownFileType = sourcecode.swift; path = "Publisher+Extensions.swift"; sourceTree = "<group>"; };
		FFDD44953827BEBA44BB8A59 /* Pods-MyRooms.release.xcconfig */ = {isa = PBXFileReference; includeInIndex = 1; lastKnownFileType = text.xcconfig; name = "Pods-MyRooms.release.xcconfig"; path = "Target Support Files/Pods-MyRooms/Pods-MyRooms.release.xcconfig"; sourceTree = "<group>"; };
/* End PBXFileReference section */

/* Begin PBXFrameworksBuildPhase section */
		22295D8925D6B69F000FBA25 /* Frameworks */ = {
			isa = PBXFrameworksBuildPhase;
			buildActionMask = 2147483647;
			files = (
				3D77ED90CBAB78ABFF5D62C1 /* Pods_MyRooms.framework in Frameworks */,
			);
			runOnlyForDeploymentPostprocessing = 0;
		};
/* End PBXFrameworksBuildPhase section */

/* Begin PBXGroup section */
		22295D8325D6B69F000FBA25 = {
			isa = PBXGroup;
			children = (
				22295D8E25D6B69F000FBA25 /* MyRooms */,
				22295D8D25D6B69F000FBA25 /* Products */,
				61B860A7B1FD35FA79971A04 /* Pods */,
				5C8A222C262590F9BF1CEDCA /* Frameworks */,
			);
			sourceTree = "<group>";
		};
		22295D8D25D6B69F000FBA25 /* Products */ = {
			isa = PBXGroup;
			children = (
				22295D8C25D6B69F000FBA25 /* MyRooms.app */,
			);
			name = Products;
			sourceTree = "<group>";
		};
		22295D8E25D6B69F000FBA25 /* MyRooms */ = {
			isa = PBXGroup;
			children = (
				22295D8F25D6B69F000FBA25 /* AppDelegate.swift */,
				22295D9125D6B69F000FBA25 /* SceneDelegate.swift */,
				22295D9325D6B69F000FBA25 /* ContentView.swift */,
				22295DC325D6BA57000FBA25 /* Screens */,
				22295DA725D6BA06000FBA25 /* Model */,
				22295DB025D6BA06000FBA25 /* Networking */,
				22295DAA25D6BA06000FBA25 /* Services */,
				DE2B4E9A25F67B1B00E8541D /* Localization */,
				22295D9825D6B6A0000FBA25 /* Assets.xcassets */,
				22295D9D25D6B6A0000FBA25 /* LaunchScreen.storyboard */,
				22295DA025D6B6A0000FBA25 /* Info.plist */,
				22295D9525D6B69F000FBA25 /* MyRooms.xcdatamodeld */,
				22E73A0B25F2A35400BD2184 /* rooms.json */,
				22295D9A25D6B6A0000FBA25 /* Preview Content */,
			);
			path = MyRooms;
			sourceTree = "<group>";
		};
		22295D9A25D6B6A0000FBA25 /* Preview Content */ = {
			isa = PBXGroup;
			children = (
				22295D9B25D6B6A0000FBA25 /* Preview Assets.xcassets */,
			);
			path = "Preview Content";
			sourceTree = "<group>";
		};
		22295DA725D6BA06000FBA25 /* Model */ = {
			isa = PBXGroup;
			children = (
				2229826725D6FAEE00B17A34 /* Room+CoreDataClass.swift */,
				2229826825D6FAEE00B17A34 /* Room+CoreDataProperties.swift */,
			);
			path = Model;
			sourceTree = "<group>";
		};
		22295DAA25D6BA06000FBA25 /* Services */ = {
			isa = PBXGroup;
			children = (
				22295DAC25D6BA06000FBA25 /* DataAccessService.swift */,
				2284AD4325DC0FE7005EE4AD /* DataAccessError.swift */,
				22295DAE25D6BA06000FBA25 /* DatabaseService.swift */,
				22295DAB25D6BA06000FBA25 /* APIService.swift */,
				22295DAD25D6BA06000FBA25 /* ServiceFactory.swift */,
				22295DAF25D6BA06000FBA25 /* Bootstrapper.swift */,
				2284AD9025E04257005EE4AD /* NSManagedObjectContext+Publisher.swift */,
				DEC3875E25F7DDE30090E5DE /* Publisher+Extensions.swift */,
			);
			path = Services;
			sourceTree = "<group>";
		};
		22295DB025D6BA06000FBA25 /* Networking */ = {
			isa = PBXGroup;
			children = (
				2282148D25D6CDC400A509FD /* RoomDataAccessRequest.swift */,
				2282149125D6CE0B00A509FD /* RoomRouter.swift */,
				22295DB225D6BA06000FBA25 /* DataAccessRequest.swift */,
				22295DB525D6BA06000FBA25 /* RouterProtocol.swift */,
			);
			path = Networking;
			sourceTree = "<group>";
		};
		22295DC325D6BA57000FBA25 /* Screens */ = {
			isa = PBXGroup;
			children = (
				2229821525D6DEA900B17A34 /* TabbarViewController.swift */,
				DEC3875825F7DB4D0090E5DE /* MyRooms */,
				2229821B25D6DEFE00B17A34 /* MyRoomsLiveViewController.swift */,
			);
			path = Screens;
			sourceTree = "<group>";
		};
		5C8A222C262590F9BF1CEDCA /* Frameworks */ = {
			isa = PBXGroup;
			children = (
				AC28663FDBBA4CE57BC37A5A /* Pods_MyRooms.framework */,
			);
			name = Frameworks;
			sourceTree = "<group>";
		};
		61B860A7B1FD35FA79971A04 /* Pods */ = {
			isa = PBXGroup;
			children = (
				C3BC856F12EB193DC2B00A78 /* Pods-MyRooms.debug.xcconfig */,
				FFDD44953827BEBA44BB8A59 /* Pods-MyRooms.release.xcconfig */,
			);
			path = Pods;
			sourceTree = "<group>";
		};
		DE2B4E9A25F67B1B00E8541D /* Localization */ = {
			isa = PBXGroup;
			children = (
				DE2B4E9725F67B0400E8541D /* Localization.swift */,
			);
			path = Localization;
			sourceTree = "<group>";
		};
		DEC3875825F7DB4D0090E5DE /* MyRooms */ = {
			isa = PBXGroup;
			children = (
				2229821825D6DEF000B17A34 /* MyRoomsViewController.swift */,
				DE2B4E9425F67AC200E8541D /* MyRoomsViewModel.swift */,
				DEC3875A25F7DB5B0090E5DE /* MyRoomsCell.swift */,
				DEC3875525F7DB460090E5DE /* MyRoomsCellViewModel.swift */,
			);
			path = MyRooms;
			sourceTree = "<group>";
		};
/* End PBXGroup section */

/* Begin PBXNativeTarget section */
		22295D8B25D6B69F000FBA25 /* MyRooms */ = {
			isa = PBXNativeTarget;
			buildConfigurationList = 22295DA325D6B6A0000FBA25 /* Build configuration list for PBXNativeTarget "MyRooms" */;
			buildPhases = (
				ED0D6CDC9147D49763B1F85A /* [CP] Check Pods Manifest.lock */,
				22295D8825D6B69F000FBA25 /* Sources */,
				22295D8925D6B69F000FBA25 /* Frameworks */,
				22295D8A25D6B69F000FBA25 /* Resources */,
				47B6648A493AEA549B297C7D /* [CP] Embed Pods Frameworks */,
			);
			buildRules = (
			);
			dependencies = (
			);
			name = MyRooms;
			productName = MyRooms;
			productReference = 22295D8C25D6B69F000FBA25 /* MyRooms.app */;
			productType = "com.apple.product-type.application";
		};
/* End PBXNativeTarget section */

/* Begin PBXProject section */
		22295D8425D6B69F000FBA25 /* Project object */ = {
			isa = PBXProject;
			attributes = {
				LastSwiftUpdateCheck = 1240;
				LastUpgradeCheck = 1240;
				TargetAttributes = {
					22295D8B25D6B69F000FBA25 = {
						CreatedOnToolsVersion = 12.4;
					};
				};
			};
			buildConfigurationList = 22295D8725D6B69F000FBA25 /* Build configuration list for PBXProject "MyRooms" */;
			compatibilityVersion = "Xcode 9.3";
			developmentRegion = en;
			hasScannedForEncodings = 0;
			knownRegions = (
				en,
				Base,
			);
			mainGroup = 22295D8325D6B69F000FBA25;
			productRefGroup = 22295D8D25D6B69F000FBA25 /* Products */;
			projectDirPath = "";
			projectRoot = "";
			targets = (
				22295D8B25D6B69F000FBA25 /* MyRooms */,
			);
		};
/* End PBXProject section */

/* Begin PBXResourcesBuildPhase section */
		22295D8A25D6B69F000FBA25 /* Resources */ = {
			isa = PBXResourcesBuildPhase;
			buildActionMask = 2147483647;
			files = (
				22295D9F25D6B6A0000FBA25 /* LaunchScreen.storyboard in Resources */,
				22295D9C25D6B6A0000FBA25 /* Preview Assets.xcassets in Resources */,
				22E73A0C25F2A35400BD2184 /* rooms.json in Resources */,
				22295D9925D6B6A0000FBA25 /* Assets.xcassets in Resources */,
			);
			runOnlyForDeploymentPostprocessing = 0;
		};
/* End PBXResourcesBuildPhase section */

/* Begin PBXShellScriptBuildPhase section */
		47B6648A493AEA549B297C7D /* [CP] Embed Pods Frameworks */ = {
			isa = PBXShellScriptBuildPhase;
			buildActionMask = 2147483647;
			files = (
			);
			inputFileListPaths = (
				"${PODS_ROOT}/Target Support Files/Pods-MyRooms/Pods-MyRooms-frameworks-${CONFIGURATION}-input-files.xcfilelist",
			);
			name = "[CP] Embed Pods Frameworks";
			outputFileListPaths = (
				"${PODS_ROOT}/Target Support Files/Pods-MyRooms/Pods-MyRooms-frameworks-${CONFIGURATION}-output-files.xcfilelist",
			);
			runOnlyForDeploymentPostprocessing = 0;
			shellPath = /bin/sh;
			shellScript = "\"${PODS_ROOT}/Target Support Files/Pods-MyRooms/Pods-MyRooms-frameworks.sh\"\n";
			showEnvVarsInLog = 0;
		};
		ED0D6CDC9147D49763B1F85A /* [CP] Check Pods Manifest.lock */ = {
			isa = PBXShellScriptBuildPhase;
			buildActionMask = 2147483647;
			files = (
			);
			inputFileListPaths = (
			);
			inputPaths = (
				"${PODS_PODFILE_DIR_PATH}/Podfile.lock",
				"${PODS_ROOT}/Manifest.lock",
			);
			name = "[CP] Check Pods Manifest.lock";
			outputFileListPaths = (
			);
			outputPaths = (
				"$(DERIVED_FILE_DIR)/Pods-MyRooms-checkManifestLockResult.txt",
			);
			runOnlyForDeploymentPostprocessing = 0;
			shellPath = /bin/sh;
			shellScript = "diff \"${PODS_PODFILE_DIR_PATH}/Podfile.lock\" \"${PODS_ROOT}/Manifest.lock\" > /dev/null\nif [ $? != 0 ] ; then\n    # print error to STDERR\n    echo \"error: The sandbox is not in sync with the Podfile.lock. Run 'pod install' or update your CocoaPods installation.\" >&2\n    exit 1\nfi\n# This output is used by Xcode 'outputs' to avoid re-running this script phase.\necho \"SUCCESS\" > \"${SCRIPT_OUTPUT_FILE_0}\"\n";
			showEnvVarsInLog = 0;
		};
/* End PBXShellScriptBuildPhase section */

/* Begin PBXSourcesBuildPhase section */
		22295D8825D6B69F000FBA25 /* Sources */ = {
			isa = PBXSourcesBuildPhase;
			buildActionMask = 2147483647;
			files = (
				2284AD9125E04257005EE4AD /* NSManagedObjectContext+Publisher.swift in Sources */,
				22295D9025D6B69F000FBA25 /* AppDelegate.swift in Sources */,
				22295DB825D6BA06000FBA25 /* APIService.swift in Sources */,
				22295DC125D6BA06000FBA25 /* RouterProtocol.swift in Sources */,
				22295D9225D6B69F000FBA25 /* SceneDelegate.swift in Sources */,
				2282149225D6CE0B00A509FD /* RoomRouter.swift in Sources */,
				22295D9725D6B69F000FBA25 /* MyRooms.xcdatamodeld in Sources */,
				22295DBB25D6BA06000FBA25 /* DatabaseService.swift in Sources */,
				2229821625D6DEA900B17A34 /* TabbarViewController.swift in Sources */,
				22295DBE25D6BA06000FBA25 /* DataAccessRequest.swift in Sources */,
				DEC3875B25F7DB5B0090E5DE /* MyRoomsCell.swift in Sources */,
				2229826925D6FAEE00B17A34 /* Room+CoreDataClass.swift in Sources */,
				22295DBC25D6BA06000FBA25 /* Bootstrapper.swift in Sources */,
				DE2B4E9825F67B0400E8541D /* Localization.swift in Sources */,
				2229826A25D6FAEE00B17A34 /* Room+CoreDataProperties.swift in Sources */,
				2229821925D6DEF000B17A34 /* MyRoomsViewController.swift in Sources */,
				DE2B4E9525F67AC200E8541D /* MyRoomsViewModel.swift in Sources */,
				DEC3875625F7DB460090E5DE /* MyRoomsCellViewModel.swift in Sources */,
				22295D9425D6B69F000FBA25 /* ContentView.swift in Sources */,
				2284AD4425DC0FE7005EE4AD /* DataAccessError.swift in Sources */,
				2229821C25D6DEFE00B17A34 /* MyRoomsLiveViewController.swift in Sources */,
				22295DB925D6BA06000FBA25 /* DataAccessService.swift in Sources */,
				22295DBA25D6BA06000FBA25 /* ServiceFactory.swift in Sources */,
				2282148E25D6CDC400A509FD /* RoomDataAccessRequest.swift in Sources */,
				DEC3875F25F7DDE30090E5DE /* Publisher+Extensions.swift in Sources */,
			);
			runOnlyForDeploymentPostprocessing = 0;
		};
/* End PBXSourcesBuildPhase section */

/* Begin PBXVariantGroup section */
		22295D9D25D6B6A0000FBA25 /* LaunchScreen.storyboard */ = {
			isa = PBXVariantGroup;
			children = (
				22295D9E25D6B6A0000FBA25 /* Base */,
			);
			name = LaunchScreen.storyboard;
			sourceTree = "<group>";
		};
/* End PBXVariantGroup section */

/* Begin XCBuildConfiguration section */
		22295DA125D6B6A0000FBA25 /* Debug */ = {
			isa = XCBuildConfiguration;
			buildSettings = {
				ALWAYS_SEARCH_USER_PATHS = NO;
				CLANG_ANALYZER_NONNULL = YES;
				CLANG_ANALYZER_NUMBER_OBJECT_CONVERSION = YES_AGGRESSIVE;
				CLANG_CXX_LANGUAGE_STANDARD = "gnu++14";
				CLANG_CXX_LIBRARY = "libc++";
				CLANG_ENABLE_MODULES = YES;
				CLANG_ENABLE_OBJC_ARC = YES;
				CLANG_ENABLE_OBJC_WEAK = YES;
				CLANG_WARN_BLOCK_CAPTURE_AUTORELEASING = YES;
				CLANG_WARN_BOOL_CONVERSION = YES;
				CLANG_WARN_COMMA = YES;
				CLANG_WARN_CONSTANT_CONVERSION = YES;
				CLANG_WARN_DEPRECATED_OBJC_IMPLEMENTATIONS = YES;
				CLANG_WARN_DIRECT_OBJC_ISA_USAGE = YES_ERROR;
				CLANG_WARN_DOCUMENTATION_COMMENTS = YES;
				CLANG_WARN_EMPTY_BODY = YES;
				CLANG_WARN_ENUM_CONVERSION = YES;
				CLANG_WARN_INFINITE_RECURSION = YES;
				CLANG_WARN_INT_CONVERSION = YES;
				CLANG_WARN_NON_LITERAL_NULL_CONVERSION = YES;
				CLANG_WARN_OBJC_IMPLICIT_RETAIN_SELF = YES;
				CLANG_WARN_OBJC_LITERAL_CONVERSION = YES;
				CLANG_WARN_OBJC_ROOT_CLASS = YES_ERROR;
				CLANG_WARN_QUOTED_INCLUDE_IN_FRAMEWORK_HEADER = YES;
				CLANG_WARN_RANGE_LOOP_ANALYSIS = YES;
				CLANG_WARN_STRICT_PROTOTYPES = YES;
				CLANG_WARN_SUSPICIOUS_MOVE = YES;
				CLANG_WARN_UNGUARDED_AVAILABILITY = YES_AGGRESSIVE;
				CLANG_WARN_UNREACHABLE_CODE = YES;
				CLANG_WARN__DUPLICATE_METHOD_MATCH = YES;
				COPY_PHASE_STRIP = NO;
				DEBUG_INFORMATION_FORMAT = dwarf;
				ENABLE_STRICT_OBJC_MSGSEND = YES;
				ENABLE_TESTABILITY = YES;
				GCC_C_LANGUAGE_STANDARD = gnu11;
				GCC_DYNAMIC_NO_PIC = NO;
				GCC_NO_COMMON_BLOCKS = YES;
				GCC_OPTIMIZATION_LEVEL = 0;
				GCC_PREPROCESSOR_DEFINITIONS = (
					"DEBUG=1",
					"$(inherited)",
				);
				GCC_WARN_64_TO_32_BIT_CONVERSION = YES;
				GCC_WARN_ABOUT_RETURN_TYPE = YES_ERROR;
				GCC_WARN_UNDECLARED_SELECTOR = YES;
				GCC_WARN_UNINITIALIZED_AUTOS = YES_AGGRESSIVE;
				GCC_WARN_UNUSED_FUNCTION = YES;
				GCC_WARN_UNUSED_VARIABLE = YES;
				IPHONEOS_DEPLOYMENT_TARGET = 14.4;
				MTL_ENABLE_DEBUG_INFO = INCLUDE_SOURCE;
				MTL_FAST_MATH = YES;
				ONLY_ACTIVE_ARCH = YES;
				SDKROOT = iphoneos;
				SWIFT_ACTIVE_COMPILATION_CONDITIONS = DEBUG;
				SWIFT_OPTIMIZATION_LEVEL = "-Onone";
			};
			name = Debug;
		};
		22295DA225D6B6A0000FBA25 /* Release */ = {
			isa = XCBuildConfiguration;
			buildSettings = {
				ALWAYS_SEARCH_USER_PATHS = NO;
				CLANG_ANALYZER_NONNULL = YES;
				CLANG_ANALYZER_NUMBER_OBJECT_CONVERSION = YES_AGGRESSIVE;
				CLANG_CXX_LANGUAGE_STANDARD = "gnu++14";
				CLANG_CXX_LIBRARY = "libc++";
				CLANG_ENABLE_MODULES = YES;
				CLANG_ENABLE_OBJC_ARC = YES;
				CLANG_ENABLE_OBJC_WEAK = YES;
				CLANG_WARN_BLOCK_CAPTURE_AUTORELEASING = YES;
				CLANG_WARN_BOOL_CONVERSION = YES;
				CLANG_WARN_COMMA = YES;
				CLANG_WARN_CONSTANT_CONVERSION = YES;
				CLANG_WARN_DEPRECATED_OBJC_IMPLEMENTATIONS = YES;
				CLANG_WARN_DIRECT_OBJC_ISA_USAGE = YES_ERROR;
				CLANG_WARN_DOCUMENTATION_COMMENTS = YES;
				CLANG_WARN_EMPTY_BODY = YES;
				CLANG_WARN_ENUM_CONVERSION = YES;
				CLANG_WARN_INFINITE_RECURSION = YES;
				CLANG_WARN_INT_CONVERSION = YES;
				CLANG_WARN_NON_LITERAL_NULL_CONVERSION = YES;
				CLANG_WARN_OBJC_IMPLICIT_RETAIN_SELF = YES;
				CLANG_WARN_OBJC_LITERAL_CONVERSION = YES;
				CLANG_WARN_OBJC_ROOT_CLASS = YES_ERROR;
				CLANG_WARN_QUOTED_INCLUDE_IN_FRAMEWORK_HEADER = YES;
				CLANG_WARN_RANGE_LOOP_ANALYSIS = YES;
				CLANG_WARN_STRICT_PROTOTYPES = YES;
				CLANG_WARN_SUSPICIOUS_MOVE = YES;
				CLANG_WARN_UNGUARDED_AVAILABILITY = YES_AGGRESSIVE;
				CLANG_WARN_UNREACHABLE_CODE = YES;
				CLANG_WARN__DUPLICATE_METHOD_MATCH = YES;
				COPY_PHASE_STRIP = NO;
				DEBUG_INFORMATION_FORMAT = "dwarf-with-dsym";
				ENABLE_NS_ASSERTIONS = NO;
				ENABLE_STRICT_OBJC_MSGSEND = YES;
				GCC_C_LANGUAGE_STANDARD = gnu11;
				GCC_NO_COMMON_BLOCKS = YES;
				GCC_WARN_64_TO_32_BIT_CONVERSION = YES;
				GCC_WARN_ABOUT_RETURN_TYPE = YES_ERROR;
				GCC_WARN_UNDECLARED_SELECTOR = YES;
				GCC_WARN_UNINITIALIZED_AUTOS = YES_AGGRESSIVE;
				GCC_WARN_UNUSED_FUNCTION = YES;
				GCC_WARN_UNUSED_VARIABLE = YES;
				IPHONEOS_DEPLOYMENT_TARGET = 14.4;
				MTL_ENABLE_DEBUG_INFO = NO;
				MTL_FAST_MATH = YES;
				SDKROOT = iphoneos;
				SWIFT_COMPILATION_MODE = wholemodule;
				SWIFT_OPTIMIZATION_LEVEL = "-O";
				VALIDATE_PRODUCT = YES;
			};
			name = Release;
		};
		22295DA425D6B6A0000FBA25 /* Debug */ = {
			isa = XCBuildConfiguration;
			baseConfigurationReference = C3BC856F12EB193DC2B00A78 /* Pods-MyRooms.debug.xcconfig */;
			buildSettings = {
				ASSETCATALOG_COMPILER_APPICON_NAME = AppIcon;
				ASSETCATALOG_COMPILER_GLOBAL_ACCENT_COLOR_NAME = AccentColor;
				CODE_SIGN_STYLE = Automatic;
				DEVELOPMENT_ASSET_PATHS = "\"MyRooms/Preview Content\"";
				ENABLE_PREVIEWS = YES;
				INFOPLIST_FILE = MyRooms/Info.plist;
				LD_RUNPATH_SEARCH_PATHS = (
					"$(inherited)",
					"@executable_path/Frameworks",
				);
				PRODUCT_BUNDLE_IDENTIFIER = com.MyRooms;
				PRODUCT_NAME = "$(TARGET_NAME)";
				SWIFT_VERSION = 5.0;
				TARGETED_DEVICE_FAMILY = 1;
			};
			name = Debug;
		};
		22295DA525D6B6A0000FBA25 /* Release */ = {
			isa = XCBuildConfiguration;
			baseConfigurationReference = FFDD44953827BEBA44BB8A59 /* Pods-MyRooms.release.xcconfig */;
			buildSettings = {
				ASSETCATALOG_COMPILER_APPICON_NAME = AppIcon;
				ASSETCATALOG_COMPILER_GLOBAL_ACCENT_COLOR_NAME = AccentColor;
				CODE_SIGN_STYLE = Automatic;
				DEVELOPMENT_ASSET_PATHS = "\"MyRooms/Preview Content\"";
				ENABLE_PREVIEWS = YES;
				INFOPLIST_FILE = MyRooms/Info.plist;
				LD_RUNPATH_SEARCH_PATHS = (
					"$(inherited)",
					"@executable_path/Frameworks",
				);
				PRODUCT_BUNDLE_IDENTIFIER = com.MyRooms;
				PRODUCT_NAME = "$(TARGET_NAME)";
				SWIFT_VERSION = 5.0;
				TARGETED_DEVICE_FAMILY = 1;
			};
			name = Release;
		};
/* End XCBuildConfiguration section */

/* Begin XCConfigurationList section */
		22295D8725D6B69F000FBA25 /* Build configuration list for PBXProject "MyRooms" */ = {
			isa = XCConfigurationList;
			buildConfigurations = (
				22295DA125D6B6A0000FBA25 /* Debug */,
				22295DA225D6B6A0000FBA25 /* Release */,
			);
			defaultConfigurationIsVisible = 0;
			defaultConfigurationName = Release;
		};
		22295DA325D6B6A0000FBA25 /* Build configuration list for PBXNativeTarget "MyRooms" */ = {
			isa = XCConfigurationList;
			buildConfigurations = (
				22295DA425D6B6A0000FBA25 /* Debug */,
				22295DA525D6B6A0000FBA25 /* Release */,
			);
			defaultConfigurationIsVisible = 0;
			defaultConfigurationName = Release;
		};
/* End XCConfigurationList section */

/* Begin XCVersionGroup section */
		22295D9525D6B69F000FBA25 /* MyRooms.xcdatamodeld */ = {
			isa = XCVersionGroup;
			children = (
				22295D9625D6B69F000FBA25 /* MyRooms.xcdatamodel */,
			);
			currentVersion = 22295D9625D6B69F000FBA25 /* MyRooms.xcdatamodel */;
			path = MyRooms.xcdatamodeld;
			sourceTree = "<group>";
			versionGroupType = wrapper.xcdatamodel;
		};
/* End XCVersionGroup section */
	};
	rootObject = 22295D8425D6B69F000FBA25 /* Project object */;
}
